
Microsoft Visual Studio Solution File, Format Version 12.00
# Visual Studio Version 17
VisualStudioVersion = 17.9.34701.34
MinimumVisualStudioVersion = 10.0.40219.1
Project("{888888A0-9F3D-457C-B088-3A5042F75D52}") = "busking1", "busking1.pyproj", "{A1D4D138-78D7-406B-BFDE-42E574AA9324}"
EndProject
Global
	GlobalSection(SolutionConfigurationPlatforms) = preSolution
		Debug|Any CPU = Debug|Any CPU
		Release|Any CPU = Release|Any CPU
	EndGlobalSection
	GlobalSection(ProjectConfigurationPlatforms) = postSolution
		{A1D4D138-78D7-406B-BFDE-42E574AA9324}.Debug|Any CPU.ActiveCfg = Debug|Any CPU
		{A1D4D138-78D7-406B-BFDE-42E574AA9324}.Release|Any CPU.ActiveCfg = Release|Any CPU
	EndGlobalSection
	GlobalSection(SolutionProperties) = preSolution
		HideSolutionNode = FALSE
	EndGlobalSection
	GlobalSection(ExtensibilityGlobals) = postSolution
		SolutionGuid = {D5536834-93AF-4CE0-85D9-B52A3B50F05C}
	EndGlobalSection
EndGlobal
